
Microsoft Visual Studio Solution File, Format Version 12.00
# Visual Studio 2013
VisualStudioVersion = 12.0.30723.0
MinimumVisualStudioVersion = 10.0.40219.1
Project("{FAE04EC0-301F-11D3-BF4B-00C04F79EFBC}") = "Labb 1.2 Rita med asterisker", "Labb 1.2 Rita med asterisker\Labb 1.2 Rita med asterisker.csproj", "{583FA7C0-C57F-4CC5-933A-BC5B4180F667}"
EndProject
Global
	GlobalSection(SolutionConfigurationPlatforms) = preSolution
		Debug|Any CPU = Debug|Any CPU
		Release|Any CPU = Release|Any CPU
	EndGlobalSection
	GlobalSection(ProjectConfigurationPlatforms) = postSolution
		{583FA7C0-C57F-4CC5-933A-BC5B4180F667}.Debug|Any CPU.ActiveCfg = Debug|Any CPU
		{583FA7C0-C57F-4CC5-933A-BC5B4180F667}.Debug|Any CPU.Build.0 = Debug|Any CPU
		{583FA7C0-C57F-4CC5-933A-BC5B4180F667}.Release|Any CPU.ActiveCfg = Release|Any CPU
		{583FA7C0-C57F-4CC5-933A-BC5B4180F667}.Release|Any CPU.Build.0 = Release|Any CPU
	EndGlobalSection
	GlobalSection(SolutionProperties) = preSolution
		HideSolutionNode = FALSE
	EndGlobalSection
EndGlobal
